
Microsoft Visual Studio Solution File, Format Version 12.00
# Visual Studio Version 17
VisualStudioVersion = 17.5.33530.505
MinimumVisualStudioVersion = 10.0.40219.1
Project("{FAE04EC0-301F-11D3-BF4B-00C04F79EFBC}") = "Recipe-App", "Recipe-App\Recipe-App.csproj", "{CA0BD0A1-3422-4B53-8633-7D6229DC3752}"
EndProject
Global
	GlobalSection(SolutionConfigurationPlatforms) = preSolution
		Debug|Any CPU = Debug|Any CPU
		Release|Any CPU = Release|Any CPU
	EndGlobalSection
	GlobalSection(ProjectConfigurationPlatforms) = postSolution
		{CA0BD0A1-3422-4B53-8633-7D6229DC3752}.Debug|Any CPU.ActiveCfg = Debug|Any CPU
		{CA0BD0A1-3422-4B53-8633-7D6229DC3752}.Debug|Any CPU.Build.0 = Debug|Any CPU
		{CA0BD0A1-3422-4B53-8633-7D6229DC3752}.Release|Any CPU.ActiveCfg = Release|Any CPU
		{CA0BD0A1-3422-4B53-8633-7D6229DC3752}.Release|Any CPU.Build.0 = Release|Any CPU
	EndGlobalSection
	GlobalSection(SolutionProperties) = preSolution
		HideSolutionNode = FALSE
	EndGlobalSection
	GlobalSection(ExtensibilityGlobals) = postSolution
		SolutionGuid = {7F687DF5-B89D-4194-9857-61B23E7E9FC9}
	EndGlobalSection
EndGlobal
